<Solution>
  <Folder Name="/Solution Items/">
    <File Path="../.gitignore" />
    <File Path="../debug.bat" />
    <File Path="../LICENSE.md" />
    <File Path="../NUGET.md" />
    <File Path="../README.md" />
    <File Path="../release.bat" />
    <File Path=".editorconfig" />
    <File Path="Limbo.Umbraco.BlockList.sln.DotSettings" />
  </Folder>
  <Project Path="Limbo.Umbraco.BlockList/Limbo.Umbraco.BlockList.csproj" />
</Solution>
